Microsoft Visual Studio Solution File, Format Version 10.00
# Visual Studio 2008
Project("{FAE04EC0-301F-11D3-BF4B-00C04F79EFBC}") = "mibewTray", "mibewTray.csproj", "{21C7CA72-7F77-416C-9FD7-2DF748443E46}"
EndProject
Project("{54435603-DBB4-11D2-8724-00A0C9A8B90C}") = "mibewInstaller", "..\MibewInstaller\MibewInstaller.vdproj", "{3B38021D-FBAB-4038-8220-F8C569A3C658}"
EndProject
Global
	GlobalSection(SolutionConfigurationPlatforms) = preSolution
		Debug|Any CPU = Debug|Any CPU
		Release|Any CPU = Release|Any CPU
	EndGlobalSection
	GlobalSection(ProjectConfigurationPlatforms) = postSolution
		{21C7CA72-7F77-416C-9FD7-2DF748443E46}.Debug|Any CPU.ActiveCfg = Debug|Any CPU
		{21C7CA72-7F77-416C-9FD7-2DF748443E46}.Debug|Any CPU.Build.0 = Debug|Any CPU
		{21C7CA72-7F77-416C-9FD7-2DF748443E46}.Release|Any CPU.ActiveCfg = Release|Any CPU
		{21C7CA72-7F77-416C-9FD7-2DF748443E46}.Release|Any CPU.Build.0 = Release|Any CPU
		{3B38021D-FBAB-4038-8220-F8C569A3C658}.Debug|Any CPU.ActiveCfg = Debug
		{3B38021D-FBAB-4038-8220-F8C569A3C658}.Release|Any CPU.ActiveCfg = Release
	EndGlobalSection
	GlobalSection(SolutionProperties) = preSolution
		HideSolutionNode = FALSE
	EndGlobalSection
EndGlobal
